{
  "name": "vsp-biodata",
  "version": "1.0.0",
  "lockfileVersion": 3,
  "requires": true,
  "packages": {
    "": {
      "name": "vsp-biodata",
      "version": "1.0.0",
      "license": "ISC",
      "dependencies": {
        "vsp-biodata": "^1.0.0"
      }
    },
    "node_modules/vsp-biodata": {
      "version": "1.0.0",
      "resolved": "https://registry.npmjs.org/vsp-biodata/-/vsp-biodata-1.0.0.tgz",
      "integrity": "sha512-EXN6bGZqRecdh0q9Wxv3hYwXyd4XqV/D+8SEvOXr/U7I0kiYC9p2ihfjEwkjvEnDTuexEqpXiJ9DoK5a5N/j6Q=="
    }
  }
}
